
Microsoft Visual Studio Solution File, Format Version 12.00
# Visual Studio Version 17
VisualStudioVersion = 17.7.34031.279
MinimumVisualStudioVersion = 10.0.40219.1
Project("{8BC9CEB8-8B4A-11D0-8D11-00A0C91BC942}") = "Triangle", "Triangle\Triangle.vcxproj", "{8B5941D7-E913-40EC-940F-EB22BE2626CA}"
EndProject
Project("{8BC9CEB8-8B4A-11D0-8D11-00A0C91BC942}") = "Shader", "Shader\Shader.vcxproj", "{53DF0325-1786-4070-9DD4-A4CA39228774}"
EndProject
Project("{8BC9CEB8-8B4A-11D0-8D11-00A0C91BC942}") = "Texture", "Texture\Texture.vcxproj", "{398A25AC-080F-4080-B93F-0C043FC52D82}"
EndProject
Project("{8BC9CEB8-8B4A-11D0-8D11-00A0C91BC942}") = "Transform", "Transform\Transform.vcxproj", "{8EF53BB8-86B0-4414-9051-FFD91E9E9396}"
EndProject
Project("{8BC9CEB8-8B4A-11D0-8D11-00A0C91BC942}") = "CoordinateSystem", "CoordinateSystem\CoordinateSystem.vcxproj", "{7994D323-15F9-459F-9892-1FC2157F57D1}"
EndProject
Project("{8BC9CEB8-8B4A-11D0-8D11-00A0C91BC942}") = "Camera", "Camera\Camera.vcxproj", "{EC11CAC8-CC43-4E81-869B-9580D44CE42F}"
EndProject
Global
	GlobalSection(SolutionConfigurationPlatforms) = preSolution
		Debug|x64 = Debug|x64
		Debug|x86 = Debug|x86
		Release|x64 = Release|x64
		Release|x86 = Release|x86
	EndGlobalSection
	GlobalSection(ProjectConfigurationPlatforms) = postSolution
		{8B5941D7-E913-40EC-940F-EB22BE2626CA}.Debug|x64.ActiveCfg = Debug|x64
		{8B5941D7-E913-40EC-940F-EB22BE2626CA}.Debug|x64.Build.0 = Debug|x64
		{8B5941D7-E913-40EC-940F-EB22BE2626CA}.Debug|x86.ActiveCfg = Debug|Win32
		{8B5941D7-E913-40EC-940F-EB22BE2626CA}.Debug|x86.Build.0 = Debug|Win32
		{8B5941D7-E913-40EC-940F-EB22BE2626CA}.Release|x64.ActiveCfg = Release|x64
		{8B5941D7-E913-40EC-940F-EB22BE2626CA}.Release|x64.Build.0 = Release|x64
		{8B5941D7-E913-40EC-940F-EB22BE2626CA}.Release|x86.ActiveCfg = Release|Win32
		{8B5941D7-E913-40EC-940F-EB22BE2626CA}.Release|x86.Build.0 = Release|Win32
		{53DF0325-1786-4070-9DD4-A4CA39228774}.Debug|x64.ActiveCfg = Debug|x64
		{53DF0325-1786-4070-9DD4-A4CA39228774}.Debug|x64.Build.0 = Debug|x64
		{53DF0325-1786-4070-9DD4-A4CA39228774}.Debug|x86.ActiveCfg = Debug|Win32
		{53DF0325-1786-4070-9DD4-A4CA39228774}.Debug|x86.Build.0 = Debug|Win32
		{53DF0325-1786-4070-9DD4-A4CA39228774}.Release|x64.ActiveCfg = Release|x64
		{53DF0325-1786-4070-9DD4-A4CA39228774}.Release|x64.Build.0 = Release|x64
		{53DF0325-1786-4070-9DD4-A4CA39228774}.Release|x86.ActiveCfg = Release|Win32
		{53DF0325-1786-4070-9DD4-A4CA39228774}.Release|x86.Build.0 = Release|Win32
		{398A25AC-080F-4080-B93F-0C043FC52D82}.Debug|x64.ActiveCfg = Debug|x64
		{398A25AC-080F-4080-B93F-0C043FC52D82}.Debug|x64.Build.0 = Debug|x64
		{398A25AC-080F-4080-B93F-0C043FC52D82}.Debug|x86.ActiveCfg = Debug|Win32
		{398A25AC-080F-4080-B93F-0C043FC52D82}.Debug|x86.Build.0 = Debug|Win32
		{398A25AC-080F-4080-B93F-0C043FC52D82}.Release|x64.ActiveCfg = Release|x64
		{398A25AC-080F-4080-B93F-0C043FC52D82}.Release|x64.Build.0 = Release|x64
		{398A25AC-080F-4080-B93F-0C043FC52D82}.Release|x86.ActiveCfg = Release|Win32
		{398A25AC-080F-4080-B93F-0C043FC52D82}.Release|x86.Build.0 = Release|Win32
		{8EF53BB8-86B0-4414-9051-FFD91E9E9396}.Debug|x64.ActiveCfg = Debug|x64
		{8EF53BB8-86B0-4414-9051-FFD91E9E9396}.Debug|x64.Build.0 = Debug|x64
		{8EF53BB8-86B0-4414-9051-FFD91E9E9396}.Debug|x86.ActiveCfg = Debug|Win32
		{8EF53BB8-86B0-4414-9051-FFD91E9E9396}.Debug|x86.Build.0 = Debug|Win32
		{8EF53BB8-86B0-4414-9051-FFD91E9E9396}.Release|x64.ActiveCfg = Release|x64
		{8EF53BB8-86B0-4414-9051-FFD91E9E9396}.Release|x64.Build.0 = Release|x64
		{8EF53BB8-86B0-4414-9051-FFD91E9E9396}.Release|x86.ActiveCfg = Release|Win32
		{8EF53BB8-86B0-4414-9051-FFD91E9E9396}.Release|x86.Build.0 = Release|Win32
		{7994D323-15F9-459F-9892-1FC2157F57D1}.Debug|x64.ActiveCfg = Debug|x64
		{7994D323-15F9-459F-9892-1FC2157F57D1}.Debug|x64.Build.0 = Debug|x64
		{7994D323-15F9-459F-9892-1FC2157F57D1}.Debug|x86.ActiveCfg = Debug|Win32
		{7994D323-15F9-459F-9892-1FC2157F57D1}.Debug|x86.Build.0 = Debug|Win32
		{7994D323-15F9-459F-9892-1FC2157F57D1}.Release|x64.ActiveCfg = Release|x64
		{7994D323-15F9-459F-9892-1FC2157F57D1}.Release|x64.Build.0 = Release|x64
		{7994D323-15F9-459F-9892-1FC2157F57D1}.Release|x86.ActiveCfg = Release|Win32
		{7994D323-15F9-459F-9892-1FC2157F57D1}.Release|x86.Build.0 = Release|Win32
		{EC11CAC8-CC43-4E81-869B-9580D44CE42F}.Debug|x64.ActiveCfg = Debug|x64
		{EC11CAC8-CC43-4E81-869B-9580D44CE42F}.Debug|x64.Build.0 = Debug|x64
		{EC11CAC8-CC43-4E81-869B-9580D44CE42F}.Debug|x86.ActiveCfg = Debug|Win32
		{EC11CAC8-CC43-4E81-869B-9580D44CE42F}.Debug|x86.Build.0 = Debug|Win32
		{EC11CAC8-CC43-4E81-869B-9580D44CE42F}.Release|x64.ActiveCfg = Release|x64
		{EC11CAC8-CC43-4E81-869B-9580D44CE42F}.Release|x64.Build.0 = Release|x64
		{EC11CAC8-CC43-4E81-869B-9580D44CE42F}.Release|x86.ActiveCfg = Release|Win32
		{EC11CAC8-CC43-4E81-869B-9580D44CE42F}.Release|x86.Build.0 = Release|Win32
	EndGlobalSection
	GlobalSection(SolutionProperties) = preSolution
		HideSolutionNode = FALSE
	EndGlobalSection
	GlobalSection(ExtensibilityGlobals) = postSolution
		SolutionGuid = {33F711A1-0626-4E30-822C-ADD73173144E}
	EndGlobalSection
EndGlobal
